# NOTICE: This lockfile contains some overrides from shard.override.yml
version: 2.0
shards:
  db: # Overridden
    git: https://github.com/crystal-lang/crystal-db.git
    version: 0.11.0+git.commit.1c2b46a0f991471b67af1bf41650f27f679ba08b

  sqlite3:
    git: https://github.com/crystal-lang/crystal-sqlite3.git
    version: 0.19.0+git.commit.d759ae0a9b1fb6f1910badd9fa251c4fd4153b33

