version: 2.0
shards:
  db:
    git: https://github.com/crystal-lang/crystal-db.git
    version: 0.13.1

  sqlite3:
    git: https://github.com/crystal-lang/crystal-sqlite3.git
    version: 0.21.0

  syn:
    git: https://github.com/ysbaddaden/syn.git
    version: 0.2.0+git.commit.1c662831a5c1a3310b6c7c59e99e21213afd89f6

